
Microsoft Visual Studio Solution File, Format Version 12.00
# Visual Studio Version 16
VisualStudioVersion = 16.0.32901.82
MinimumVisualStudioVersion = 10.0.40219.1
Project("{FAE04EC0-301F-11D3-BF4B-00C04F79EFBC}") = "ContadorRegressivo", "ContadorRegressivo\ContadorRegressivo.csproj", "{800655DB-B1F2-42B6-80D4-CF46A26CB264}"
EndProject
Global
	GlobalSection(SolutionConfigurationPlatforms) = preSolution
		Debug|Any CPU = Debug|Any CPU
		Release|Any CPU = Release|Any CPU
	EndGlobalSection
	GlobalSection(ProjectConfigurationPlatforms) = postSolution
		{800655DB-B1F2-42B6-80D4-CF46A26CB264}.Debug|Any CPU.ActiveCfg = Debug|Any CPU
		{800655DB-B1F2-42B6-80D4-CF46A26CB264}.Debug|Any CPU.Build.0 = Debug|Any CPU
		{800655DB-B1F2-42B6-80D4-CF46A26CB264}.Release|Any CPU.ActiveCfg = Release|Any CPU
		{800655DB-B1F2-42B6-80D4-CF46A26CB264}.Release|Any CPU.Build.0 = Release|Any CPU
	EndGlobalSection
	GlobalSection(SolutionProperties) = preSolution
		HideSolutionNode = FALSE
	EndGlobalSection
	GlobalSection(ExtensibilityGlobals) = postSolution
		SolutionGuid = {99B45DFC-D721-4F7F-B2B8-8F35ADA89E46}
	EndGlobalSection
EndGlobal
